
Microsoft Visual Studio Solution File, Format Version 12.00
# Visual Studio Version 16
VisualStudioVersion = 16.0.30907.101
MinimumVisualStudioVersion = 10.0.40219.1
Project("{FAE04EC0-301F-11D3-BF4B-00C04F79EFBC}") = "StringCalculatorKata", "StringCalculatorKata\StringCalculatorKata.csproj", "{5BE36EF1-A589-44A4-9799-67056655C5AF}"
EndProject
Project("{FAE04EC0-301F-11D3-BF4B-00C04F79EFBC}") = "StringCalculatorKataTest", "StringCalculatorKataTest\StringCalculatorKataTest.csproj", "{677C635E-BA10-47C7-ACA2-FA75760E77D7}"
EndProject
Global
	GlobalSection(SolutionConfigurationPlatforms) = preSolution
		Debug|Any CPU = Debug|Any CPU
		Release|Any CPU = Release|Any CPU
	EndGlobalSection
	GlobalSection(ProjectConfigurationPlatforms) = postSolution
		{5BE36EF1-A589-44A4-9799-67056655C5AF}.Debug|Any CPU.ActiveCfg = Debug|Any CPU
		{5BE36EF1-A589-44A4-9799-67056655C5AF}.Debug|Any CPU.Build.0 = Debug|Any CPU
		{5BE36EF1-A589-44A4-9799-67056655C5AF}.Release|Any CPU.ActiveCfg = Release|Any CPU
		{5BE36EF1-A589-44A4-9799-67056655C5AF}.Release|Any CPU.Build.0 = Release|Any CPU
		{677C635E-BA10-47C7-ACA2-FA75760E77D7}.Debug|Any CPU.ActiveCfg = Debug|Any CPU
		{677C635E-BA10-47C7-ACA2-FA75760E77D7}.Debug|Any CPU.Build.0 = Debug|Any CPU
		{677C635E-BA10-47C7-ACA2-FA75760E77D7}.Release|Any CPU.ActiveCfg = Release|Any CPU
		{677C635E-BA10-47C7-ACA2-FA75760E77D7}.Release|Any CPU.Build.0 = Release|Any CPU
	EndGlobalSection
	GlobalSection(SolutionProperties) = preSolution
		HideSolutionNode = FALSE
	EndGlobalSection
	GlobalSection(ExtensibilityGlobals) = postSolution
		SolutionGuid = {4D10C77E-C38B-489F-9C9F-59D2C913D38C}
	EndGlobalSection
EndGlobal
